
Microsoft Visual Studio Solution File, Format Version 12.00
# Visual Studio Version 17
VisualStudioVersion = 17.12.35527.113 d17.12
MinimumVisualStudioVersion = 10.0.40219.1
Project("{8BC9CEB8-8B4A-11D0-8D11-00A0C91BC942}") = "Number", "Number\Number.vcxproj", "{A4ED4130-E1B4-43D5-9595-2C52051444F6}"
EndProject
Project("{8BC9CEB8-8B4A-11D0-8D11-00A0C91BC942}") = "Vector", "Vector\Vector.vcxproj", "{99CEF1FC-553D-410F-8613-767A47E45B9C}"
EndProject
Project("{8BC9CEB8-8B4A-11D0-8D11-00A0C91BC942}") = "Example", "Example\Example.vcxproj", "{9A4A2E59-9EA6-414F-938D-2C1751C4450F}"
EndProject
Global
	GlobalSection(SolutionConfigurationPlatforms) = preSolution
		Debug|x64 = Debug|x64
		Debug|x86 = Debug|x86
		Release|x64 = Release|x64
		Release|x86 = Release|x86
	EndGlobalSection
	GlobalSection(ProjectConfigurationPlatforms) = postSolution
		{A4ED4130-E1B4-43D5-9595-2C52051444F6}.Debug|x64.ActiveCfg = Debug|x64
		{A4ED4130-E1B4-43D5-9595-2C52051444F6}.Debug|x64.Build.0 = Debug|x64
		{A4ED4130-E1B4-43D5-9595-2C52051444F6}.Debug|x86.ActiveCfg = Debug|Win32
		{A4ED4130-E1B4-43D5-9595-2C52051444F6}.Debug|x86.Build.0 = Debug|Win32
		{A4ED4130-E1B4-43D5-9595-2C52051444F6}.Release|x64.ActiveCfg = Release|x64
		{A4ED4130-E1B4-43D5-9595-2C52051444F6}.Release|x64.Build.0 = Release|x64
		{A4ED4130-E1B4-43D5-9595-2C52051444F6}.Release|x86.ActiveCfg = Release|Win32
		{A4ED4130-E1B4-43D5-9595-2C52051444F6}.Release|x86.Build.0 = Release|Win32
		{99CEF1FC-553D-410F-8613-767A47E45B9C}.Debug|x64.ActiveCfg = Debug|x64
		{99CEF1FC-553D-410F-8613-767A47E45B9C}.Debug|x64.Build.0 = Debug|x64
		{99CEF1FC-553D-410F-8613-767A47E45B9C}.Debug|x86.ActiveCfg = Debug|Win32
		{99CEF1FC-553D-410F-8613-767A47E45B9C}.Debug|x86.Build.0 = Debug|Win32
		{99CEF1FC-553D-410F-8613-767A47E45B9C}.Release|x64.ActiveCfg = Release|x64
		{99CEF1FC-553D-410F-8613-767A47E45B9C}.Release|x64.Build.0 = Release|x64
		{99CEF1FC-553D-410F-8613-767A47E45B9C}.Release|x86.ActiveCfg = Release|Win32
		{99CEF1FC-553D-410F-8613-767A47E45B9C}.Release|x86.Build.0 = Release|Win32
		{9A4A2E59-9EA6-414F-938D-2C1751C4450F}.Debug|x64.ActiveCfg = Debug|x64
		{9A4A2E59-9EA6-414F-938D-2C1751C4450F}.Debug|x64.Build.0 = Debug|x64
		{9A4A2E59-9EA6-414F-938D-2C1751C4450F}.Debug|x86.ActiveCfg = Debug|Win32
		{9A4A2E59-9EA6-414F-938D-2C1751C4450F}.Debug|x86.Build.0 = Debug|Win32
		{9A4A2E59-9EA6-414F-938D-2C1751C4450F}.Release|x64.ActiveCfg = Release|x64
		{9A4A2E59-9EA6-414F-938D-2C1751C4450F}.Release|x64.Build.0 = Release|x64
		{9A4A2E59-9EA6-414F-938D-2C1751C4450F}.Release|x86.ActiveCfg = Release|Win32
		{9A4A2E59-9EA6-414F-938D-2C1751C4450F}.Release|x86.Build.0 = Release|Win32
	EndGlobalSection
	GlobalSection(SolutionProperties) = preSolution
		HideSolutionNode = FALSE
	EndGlobalSection
EndGlobal
